
Microsoft Visual Studio Solution File, Format Version 12.00
# Visual Studio Version 17
VisualStudioVersion = 17.5.33627.172
MinimumVisualStudioVersion = 10.0.40219.1
Project("{FAE04EC0-301F-11D3-BF4B-00C04F79EFBC}") = "CartMay10", "CartMay10\CartMay10.csproj", "{1A8A4838-8C9B-443D-864E-20E5B6716B59}"
EndProject
Global
	GlobalSection(SolutionConfigurationPlatforms) = preSolution
		Debug|Any CPU = Debug|Any CPU
		Release|Any CPU = Release|Any CPU
	EndGlobalSection
	GlobalSection(ProjectConfigurationPlatforms) = postSolution
		{1A8A4838-8C9B-443D-864E-20E5B6716B59}.Debug|Any CPU.ActiveCfg = Debug|Any CPU
		{1A8A4838-8C9B-443D-864E-20E5B6716B59}.Debug|Any CPU.Build.0 = Debug|Any CPU
		{1A8A4838-8C9B-443D-864E-20E5B6716B59}.Release|Any CPU.ActiveCfg = Release|Any CPU
		{1A8A4838-8C9B-443D-864E-20E5B6716B59}.Release|Any CPU.Build.0 = Release|Any CPU
	EndGlobalSection
	GlobalSection(SolutionProperties) = preSolution
		HideSolutionNode = FALSE
	EndGlobalSection
	GlobalSection(ExtensibilityGlobals) = postSolution
		SolutionGuid = {F7023E11-2271-4694-8F3D-A5653A5F64A1}
	EndGlobalSection
EndGlobal
